
Microsoft Visual Studio Solution File, Format Version 12.00
# Visual Studio Version 17
VisualStudioVersion = 17.4.33213.308
MinimumVisualStudioVersion = 10.0.40219.1
Project("{FAE04EC0-301F-11D3-BF4B-00C04F79EFBC}") = "NutriApp.web", "NutriApp.web\NutriApp.web.csproj", "{0AF113D4-6F31-47F2-8452-5CC4F0EDA113}"
EndProject
Global
	GlobalSection(SolutionConfigurationPlatforms) = preSolution
		Debug|Any CPU = Debug|Any CPU
		Release|Any CPU = Release|Any CPU
	EndGlobalSection
	GlobalSection(ProjectConfigurationPlatforms) = postSolution
		{0AF113D4-6F31-47F2-8452-5CC4F0EDA113}.Debug|Any CPU.ActiveCfg = Debug|Any CPU
		{0AF113D4-6F31-47F2-8452-5CC4F0EDA113}.Debug|Any CPU.Build.0 = Debug|Any CPU
		{0AF113D4-6F31-47F2-8452-5CC4F0EDA113}.Release|Any CPU.ActiveCfg = Release|Any CPU
		{0AF113D4-6F31-47F2-8452-5CC4F0EDA113}.Release|Any CPU.Build.0 = Release|Any CPU
	EndGlobalSection
	GlobalSection(SolutionProperties) = preSolution
		HideSolutionNode = FALSE
	EndGlobalSection
	GlobalSection(ExtensibilityGlobals) = postSolution
		SolutionGuid = {13FD48C4-B482-4DAB-95F3-C6C6D4DF6753}
	EndGlobalSection
EndGlobal
